{
  "name": "SpellTable_just_js",
  "lockfileVersion": 3,
  "requires": true,
  "packages": {
    "": {
      "dependencies": {
        "simple-datatables": "^9.0.0"
      }
    },
    "node_modules/dayjs": {
      "version": "1.11.10",
      "resolved": "https://registry.npmjs.org/dayjs/-/dayjs-1.11.10.tgz",
      "integrity": "sha512-vjAczensTgRcqDERK0SR2XMwsF/tSvnvlv6VcF2GIhg6Sx4yOIt/irsr1RDJsKiIyBzJDpCoXiWWq28MqH2cnQ=="
    },
    "node_modules/diff-dom": {
      "version": "5.1.2",
      "resolved": "https://registry.npmjs.org/diff-dom/-/diff-dom-5.1.2.tgz",
      "integrity": "sha512-ayOX+pBYzyLdt7iXFd+8jvWzhrcWk+9gQqYk7Zz8/0hpIsqSbtk6MNbtds+Ox6B8ONsdtIcfPmk3NXPdgb3+xQ=="
    },
    "node_modules/simple-datatables": {
      "version": "9.0.0",
      "resolved": "https://registry.npmjs.org/simple-datatables/-/simple-datatables-9.0.0.tgz",
      "integrity": "sha512-Muux/vfv07QFIWOduJiPnWoxRNGTijc0GEcqZ0XShonXZSqYq7BkDhvaI7OSoLmGZXo45z3Yrk+IRF4A1iosUg==",
      "dependencies": {
        "dayjs": "^1.11.10",
        "diff-dom": "^5.1.2"
      }
    }
  }
}
